
Microsoft Visual Studio Solution File, Format Version 12.00
# Visual Studio Version 16
VisualStudioVersion = 16.0.29609.76
MinimumVisualStudioVersion = 10.0.40219.1
Project("{FAE04EC0-301F-11D3-BF4B-00C04F79EFBC}") = "NogasmChart", "NogasmChart\NogasmChart.csproj", "{F2EE6B28-3A8A-423F-BB2D-EF11F8A2A880}"
EndProject
Global
	GlobalSection(SolutionConfigurationPlatforms) = preSolution
		Debug|Any CPU = Debug|Any CPU
		Release|Any CPU = Release|Any CPU
	EndGlobalSection
	GlobalSection(ProjectConfigurationPlatforms) = postSolution
		{F2EE6B28-3A8A-423F-BB2D-EF11F8A2A880}.Debug|Any CPU.ActiveCfg = Debug|Any CPU
		{F2EE6B28-3A8A-423F-BB2D-EF11F8A2A880}.Debug|Any CPU.Build.0 = Debug|Any CPU
		{F2EE6B28-3A8A-423F-BB2D-EF11F8A2A880}.Release|Any CPU.ActiveCfg = Release|Any CPU
		{F2EE6B28-3A8A-423F-BB2D-EF11F8A2A880}.Release|Any CPU.Build.0 = Release|Any CPU
	EndGlobalSection
	GlobalSection(SolutionProperties) = preSolution
		HideSolutionNode = FALSE
	EndGlobalSection
	GlobalSection(ExtensibilityGlobals) = postSolution
		SolutionGuid = {6D484B53-9AC5-48EC-B931-1736420E8281}
	EndGlobalSection
EndGlobal
